
Microsoft Visual Studio Solution File, Format Version 12.00
# Visual Studio Version 17
VisualStudioVersion = 17.11.35219.272
MinimumVisualStudioVersion = 10.0.40219.1
Project("{9A19103F-16F7-4668-BE54-9A1E7A4F7556}") = "Backend", "Backend\Backend.csproj", "{2E1754B7-D97A-456D-B0AF-4A5BC5B0D8E2}"
EndProject
Project("{FAE04EC0-301F-11D3-BF4B-00C04F79EFBC}") = "DriveSecure Testing", "DriveSecure Testing\DriveSecure Testing.csproj", "{1E1193AB-9140-481A-A4C7-7371D35C36CC}"
EndProject
Global
	GlobalSection(SolutionConfigurationPlatforms) = preSolution
		Debug|Any CPU = Debug|Any CPU
		Release|Any CPU = Release|Any CPU
	EndGlobalSection
	GlobalSection(ProjectConfigurationPlatforms) = postSolution
		{2E1754B7-D97A-456D-B0AF-4A5BC5B0D8E2}.Debug|Any CPU.ActiveCfg = Debug|Any CPU
		{2E1754B7-D97A-456D-B0AF-4A5BC5B0D8E2}.Debug|Any CPU.Build.0 = Debug|Any CPU
		{2E1754B7-D97A-456D-B0AF-4A5BC5B0D8E2}.Release|Any CPU.ActiveCfg = Release|Any CPU
		{2E1754B7-D97A-456D-B0AF-4A5BC5B0D8E2}.Release|Any CPU.Build.0 = Release|Any CPU
		{1E1193AB-9140-481A-A4C7-7371D35C36CC}.Debug|Any CPU.ActiveCfg = Debug|Any CPU
		{1E1193AB-9140-481A-A4C7-7371D35C36CC}.Debug|Any CPU.Build.0 = Debug|Any CPU
		{1E1193AB-9140-481A-A4C7-7371D35C36CC}.Release|Any CPU.ActiveCfg = Release|Any CPU
		{1E1193AB-9140-481A-A4C7-7371D35C36CC}.Release|Any CPU.Build.0 = Release|Any CPU
	EndGlobalSection
	GlobalSection(SolutionProperties) = preSolution
		HideSolutionNode = FALSE
	EndGlobalSection
	GlobalSection(ExtensibilityGlobals) = postSolution
		SolutionGuid = {9FFDEF46-DFAA-46DA-825D-022ED07B4BAD}
	EndGlobalSection
EndGlobal
